
Microsoft Visual Studio Solution File, Format Version 12.00
# Visual Studio Version 17
VisualStudioVersion = 17.9.34701.34
MinimumVisualStudioVersion = 10.0.40219.1
Project("{FAE04EC0-301F-11D3-BF4B-00C04F79EFBC}") = "ProniaEmil", "ProniaEmil\ProniaEmil.csproj", "{C7DF8FEB-0B5A-49AB-BE3E-B275C583752F}"
EndProject
Global
	GlobalSection(SolutionConfigurationPlatforms) = preSolution
		Debug|Any CPU = Debug|Any CPU
		Release|Any CPU = Release|Any CPU
	EndGlobalSection
	GlobalSection(ProjectConfigurationPlatforms) = postSolution
		{C7DF8FEB-0B5A-49AB-BE3E-B275C583752F}.Debug|Any CPU.ActiveCfg = Debug|Any CPU
		{C7DF8FEB-0B5A-49AB-BE3E-B275C583752F}.Debug|Any CPU.Build.0 = Debug|Any CPU
		{C7DF8FEB-0B5A-49AB-BE3E-B275C583752F}.Release|Any CPU.ActiveCfg = Release|Any CPU
		{C7DF8FEB-0B5A-49AB-BE3E-B275C583752F}.Release|Any CPU.Build.0 = Release|Any CPU
	EndGlobalSection
	GlobalSection(SolutionProperties) = preSolution
		HideSolutionNode = FALSE
	EndGlobalSection
	GlobalSection(ExtensibilityGlobals) = postSolution
		SolutionGuid = {8C3DFFD3-3ED8-44E3-A12D-B95EB09A6348}
	EndGlobalSection
EndGlobal
